// !$*UTF8*$!
{
	archiveVersion = 1;
	classes = {
	};
	objectVersion = 46;
	objects = {

/* Begin PBXBuildFile section */
		9B1D1FDF1EBA7AFB003E3320 /* UdacityConvenience.swift in Sources */ = {isa = PBXBuildFile; fileRef = 9B1D1FDE1EBA7AFB003E3320 /* UdacityConvenience.swift */; };
		9B1D1FE11EBA7B39003E3320 /* UdacityClient.swift in Sources */ = {isa = PBXBuildFile; fileRef = 9B1D1FE01EBA7B39003E3320 /* UdacityClient.swift */; };
		9B315CE51EB25A3D00310E17 /* Constants.swift in Sources */ = {isa = PBXBuildFile; fileRef = 9B315CE41EB25A3D00310E17 /* Constants.swift */; };
		9B3FA2FB1E980B58002F9C6E /* AppDelegate.swift in Sources */ = {isa = PBXBuildFile; fileRef = 9B3FA2FA1E980B58002F9C6E /* AppDelegate.swift */; };
		9B3FA3001E980B58002F9C6E /* Main.storyboard in Resources */ = {isa = PBXBuildFile; fileRef = 9B3FA2FE1E980B58002F9C6E /* Main.storyboard */; };
		9B3FA3021E980B58002F9C6E /* Assets.xcassets in Resources */ = {isa = PBXBuildFile; fileRef = 9B3FA3011E980B58002F9C6E /* Assets.xcassets */; };
		9B3FA3051E980B58002F9C6E /* LaunchScreen.storyboard in Resources */ = {isa = PBXBuildFile; fileRef = 9B3FA3031E980B58002F9C6E /* LaunchScreen.storyboard */; };
		9B3FA30D1E980C56002F9C6E /* LoginViewController.swift in Sources */ = {isa = PBXBuildFile; fileRef = 9B3FA30C1E980C56002F9C6E /* LoginViewController.swift */; };
		9B3FA30F1E983918002F9C6E /* on-the-map-assets-new in Resources */ = {isa = PBXBuildFile; fileRef = 9B3FA30E1E983918002F9C6E /* on-the-map-assets-new */; };
		DFE6661E1EC6800B008A3AD6 /* MapKit.framework in Frameworks */ = {isa = PBXBuildFile; fileRef = DFE6661D1EC6800B008A3AD6 /* MapKit.framework */; };
		DFE666201EC7544F008A3AD6 /* ParseConvenience.swift in Sources */ = {isa = PBXBuildFile; fileRef = DFE6661F1EC7544F008A3AD6 /* ParseConvenience.swift */; };
		DFE666221EC75464008A3AD6 /* ParseClient.swift in Sources */ = {isa = PBXBuildFile; fileRef = DFE666211EC75464008A3AD6 /* ParseClient.swift */; };
/* End PBXBuildFile section */

/* Begin PBXFileReference section */
		9B1D1FDE1EBA7AFB003E3320 /* UdacityConvenience.swift */ = {isa = PBXFileReference; fileEncoding = 4; lastKnownFileType = sourcecode.swift; path = UdacityConvenience.swift; sourceTree = "<group>"; };
		9B1D1FE01EBA7B39003E3320 /* UdacityClient.swift */ = {isa = PBXFileReference; fileEncoding = 4; lastKnownFileType = sourcecode.swift; path = UdacityClient.swift; sourceTree = "<group>"; };
		9B315CE41EB25A3D00310E17 /* Constants.swift */ = {isa = PBXFileReference; fileEncoding = 4; lastKnownFileType = sourcecode.swift; path = Constants.swift; sourceTree = "<group>"; };
		9B3FA2F71E980B58002F9C6E /* OnTheMap.app */ = {isa = PBXFileReference; explicitFileType = wrapper.application; includeInIndex = 0; path = OnTheMap.app; sourceTree = BUILT_PRODUCTS_DIR; };
		9B3FA2FA1E980B58002F9C6E /* AppDelegate.swift */ = {isa = PBXFileReference; lastKnownFileType = sourcecode.swift; path = AppDelegate.swift; sourceTree = "<group>"; };
		9B3FA2FF1E980B58002F9C6E /* Base */ = {isa = PBXFileReference; lastKnownFileType = file.storyboard; name = Base; path = Base.lproj/Main.storyboard; sourceTree = "<group>"; };
		9B3FA3011E980B58002F9C6E /* Assets.xcassets */ = {isa = PBXFileReference; lastKnownFileType = folder.assetcatalog; path = Assets.xcassets; sourceTree = "<group>"; };
		9B3FA3041E980B58002F9C6E /* Base */ = {isa = PBXFileReference; lastKnownFileType = file.storyboard; name = Base; path = Base.lproj/LaunchScreen.storyboard; sourceTree = "<group>"; };
		9B3FA3061E980B58002F9C6E /* Info.plist */ = {isa = PBXFileReference; lastKnownFileType = text.plist.xml; path = Info.plist; sourceTree = "<group>"; };
		9B3FA30C1E980C56002F9C6E /* LoginViewController.swift */ = {isa = PBXFileReference; fileEncoding = 4; lastKnownFileType = sourcecode.swift; path = LoginViewController.swift; sourceTree = "<group>"; };
		9B3FA30E1E983918002F9C6E /* on-the-map-assets-new */ = {isa = PBXFileReference; lastKnownFileType = folder; path = "on-the-map-assets-new"; sourceTree = "<group>"; };
		DFE6661D1EC6800B008A3AD6 /* MapKit.framework */ = {isa = PBXFileReference; lastKnownFileType = wrapper.framework; name = MapKit.framework; path = System/Library/Frameworks/MapKit.framework; sourceTree = SDKROOT; };
		DFE6661F1EC7544F008A3AD6 /* ParseConvenience.swift */ = {isa = PBXFileReference; fileEncoding = 4; lastKnownFileType = sourcecode.swift; path = ParseConvenience.swift; sourceTree = "<group>"; };
		DFE666211EC75464008A3AD6 /* ParseClient.swift */ = {isa = PBXFileReference; fileEncoding = 4; lastKnownFileType = sourcecode.swift; path = ParseClient.swift; sourceTree = "<group>"; };
/* End PBXFileReference section */

/* Begin PBXFrameworksBuildPhase section */
		9B3FA2F41E980B58002F9C6E /* Frameworks */ = {
			isa = PBXFrameworksBuildPhase;
			buildActionMask = 2147483647;
			files = (
				DFE6661E1EC6800B008A3AD6 /* MapKit.framework in Frameworks */,
			);
			runOnlyForDeploymentPostprocessing = 0;
		};
/* End PBXFrameworksBuildPhase section */

/* Begin PBXGroup section */
		9B3FA2EE1E980B58002F9C6E = {
			isa = PBXGroup;
			children = (
				9B3FA2F91E980B58002F9C6E /* OnTheMap */,
				9B3FA2F81E980B58002F9C6E /* Products */,
				DFE6661C1EC6800B008A3AD6 /* Frameworks */,
			);
			sourceTree = "<group>";
		};
		9B3FA2F81E980B58002F9C6E /* Products */ = {
			isa = PBXGroup;
			children = (
				9B3FA2F71E980B58002F9C6E /* OnTheMap.app */,
			);
			name = Products;
			sourceTree = "<group>";
		};
		9B3FA2F91E980B58002F9C6E /* OnTheMap */ = {
			isa = PBXGroup;
			children = (
				9B3FA2FA1E980B58002F9C6E /* AppDelegate.swift */,
				9BFBC3B11EC0CA3A008D3BE1 /* Model */,
				9B315CE41EB25A3D00310E17 /* Constants.swift */,
				9B3FA30C1E980C56002F9C6E /* LoginViewController.swift */,
				9B3FA2FE1E980B58002F9C6E /* Main.storyboard */,
				9B3FA3011E980B58002F9C6E /* Assets.xcassets */,
				9B3FA30E1E983918002F9C6E /* on-the-map-assets-new */,
				9B3FA3031E980B58002F9C6E /* LaunchScreen.storyboard */,
				9B3FA3061E980B58002F9C6E /* Info.plist */,
			);
			path = OnTheMap;
			sourceTree = "<group>";
		};
		9BFBC3B11EC0CA3A008D3BE1 /* Model */ = {
			isa = PBXGroup;
			children = (
				9BFBC3B21EC0CA48008D3BE1 /* Clients */,
			);
			name = Model;
			sourceTree = "<group>";
		};
		9BFBC3B21EC0CA48008D3BE1 /* Clients */ = {
			isa = PBXGroup;
			children = (
				9BFBC3B41EC0CB6C008D3BE1 /* Parse */,
				9BFBC3B31EC0CAA3008D3BE1 /* Udacity */,
			);
			name = Clients;
			sourceTree = "<group>";
		};
		9BFBC3B31EC0CAA3008D3BE1 /* Udacity */ = {
			isa = PBXGroup;
			children = (
				9B1D1FDE1EBA7AFB003E3320 /* UdacityConvenience.swift */,
				9B1D1FE01EBA7B39003E3320 /* UdacityClient.swift */,
			);
			name = Udacity;
			sourceTree = "<group>";
		};
		9BFBC3B41EC0CB6C008D3BE1 /* Parse */ = {
			isa = PBXGroup;
			children = (
				DFE6661F1EC7544F008A3AD6 /* ParseConvenience.swift */,
				DFE666211EC75464008A3AD6 /* ParseClient.swift */,
			);
			name = Parse;
			sourceTree = "<group>";
		};
		DFE6661C1EC6800B008A3AD6 /* Frameworks */ = {
			isa = PBXGroup;
			children = (
				DFE6661D1EC6800B008A3AD6 /* MapKit.framework */,
			);
			name = Frameworks;
			sourceTree = "<group>";
		};
/* End PBXGroup section */

/* Begin PBXNativeTarget section */
		9B3FA2F61E980B58002F9C6E /* OnTheMap */ = {
			isa = PBXNativeTarget;
			buildConfigurationList = 9B3FA3091E980B58002F9C6E /* Build configuration list for PBXNativeTarget "OnTheMap" */;
			buildPhases = (
				9B3FA2F31E980B58002F9C6E /* Sources */,
				9B3FA2F41E980B58002F9C6E /* Frameworks */,
				9B3FA2F51E980B58002F9C6E /* Resources */,
			);
			buildRules = (
			);
			dependencies = (
			);
			name = OnTheMap;
			productName = OnTheMap;
			productReference = 9B3FA2F71E980B58002F9C6E /* OnTheMap.app */;
			productType = "com.apple.product-type.application";
		};
/* End PBXNativeTarget section */

/* Begin PBXProject section */
		9B3FA2EF1E980B58002F9C6E /* Project object */ = {
			isa = PBXProject;
			attributes = {
				LastSwiftUpdateCheck = 0830;
				LastUpgradeCheck = 0830;
				ORGANIZATIONNAME = Developer2017;
				TargetAttributes = {
					9B3FA2F61E980B58002F9C6E = {
						CreatedOnToolsVersion = 8.3;
						DevelopmentTeam = Q39FF877S4;
						ProvisioningStyle = Automatic;
						SystemCapabilities = {
							com.apple.Maps.iOS = {
								enabled = 1;
							};
						};
					};
				};
			};
			buildConfigurationList = 9B3FA2F21E980B58002F9C6E /* Build configuration list for PBXProject "OnTheMap" */;
			compatibilityVersion = "Xcode 3.2";
			developmentRegion = English;
			hasScannedForEncodings = 0;
			knownRegions = (
				en,
				Base,
			);
			mainGroup = 9B3FA2EE1E980B58002F9C6E;
			productRefGroup = 9B3FA2F81E980B58002F9C6E /* Products */;
			projectDirPath = "";
			projectRoot = "";
			targets = (
				9B3FA2F61E980B58002F9C6E /* OnTheMap */,
			);
		};
/* End PBXProject section */

/* Begin PBXResourcesBuildPhase section */
		9B3FA2F51E980B58002F9C6E /* Resources */ = {
			isa = PBXResourcesBuildPhase;
			buildActionMask = 2147483647;
			files = (
				9B3FA3051E980B58002F9C6E /* LaunchScreen.storyboard in Resources */,
				9B3FA3021E980B58002F9C6E /* Assets.xcassets in Resources */,
				9B3FA30F1E983918002F9C6E /* on-the-map-assets-new in Resources */,
				9B3FA3001E980B58002F9C6E /* Main.storyboard in Resources */,
			);
			runOnlyForDeploymentPostprocessing = 0;
		};
/* End PBXResourcesBuildPhase section */

/* Begin PBXSourcesBuildPhase section */
		9B3FA2F31E980B58002F9C6E /* Sources */ = {
			isa = PBXSourcesBuildPhase;
			buildActionMask = 2147483647;
			files = (
				9B1D1FE11EBA7B39003E3320 /* UdacityClient.swift in Sources */,
				DFE666201EC7544F008A3AD6 /* ParseConvenience.swift in Sources */,
				DFE666221EC75464008A3AD6 /* ParseClient.swift in Sources */,
				9B3FA30D1E980C56002F9C6E /* LoginViewController.swift in Sources */,
				9B3FA2FB1E980B58002F9C6E /* AppDelegate.swift in Sources */,
				9B315CE51EB25A3D00310E17 /* Constants.swift in Sources */,
				9B1D1FDF1EBA7AFB003E3320 /* UdacityConvenience.swift in Sources */,
			);
			runOnlyForDeploymentPostprocessing = 0;
		};
/* End PBXSourcesBuildPhase section */

/* Begin PBXVariantGroup section */
		9B3FA2FE1E980B58002F9C6E /* Main.storyboard */ = {
			isa = PBXVariantGroup;
			children = (
				9B3FA2FF1E980B58002F9C6E /* Base */,
			);
			name = Main.storyboard;
			sourceTree = "<group>";
		};
		9B3FA3031E980B58002F9C6E /* LaunchScreen.storyboard */ = {
			isa = PBXVariantGroup;
			children = (
				9B3FA3041E980B58002F9C6E /* Base */,
			);
			name = LaunchScreen.storyboard;
			sourceTree = "<group>";
		};
/* End PBXVariantGroup section */

/* Begin XCBuildConfiguration section */
		9B3FA3071E980B58002F9C6E /* Debug */ = {
			isa = XCBuildConfiguration;
			buildSettings = {
				ALWAYS_SEARCH_USER_PATHS = NO;
				CLANG_ANALYZER_NONNULL = YES;
				CLANG_ANALYZER_NUMBER_OBJECT_CONVERSION = YES_AGGRESSIVE;
				CLANG_CXX_LANGUAGE_STANDARD = "gnu++0x";
				CLANG_CXX_LIBRARY = "libc++";
				CLANG_ENABLE_MODULES = YES;
				CLANG_ENABLE_OBJC_ARC = YES;
				CLANG_WARN_BOOL_CONVERSION = YES;
				CLANG_WARN_CONSTANT_CONVERSION = YES;
				CLANG_WARN_DIRECT_OBJC_ISA_USAGE = YES_ERROR;
				CLANG_WARN_DOCUMENTATION_COMMENTS = YES;
				CLANG_WARN_EMPTY_BODY = YES;
				CLANG_WARN_ENUM_CONVERSION = YES;
				CLANG_WARN_INFINITE_RECURSION = YES;
				CLANG_WARN_INT_CONVERSION = YES;
				CLANG_WARN_OBJC_ROOT_CLASS = YES_ERROR;
				CLANG_WARN_SUSPICIOUS_MOVE = YES;
				CLANG_WARN_UNREACHABLE_CODE = YES;
				CLANG_WARN__DUPLICATE_METHOD_MATCH = YES;
				"CODE_SIGN_IDENTITY[sdk=iphoneos*]" = "iPhone Developer";
				COPY_PHASE_STRIP = NO;
				DEBUG_INFORMATION_FORMAT = dwarf;
				ENABLE_STRICT_OBJC_MSGSEND = YES;
				ENABLE_TESTABILITY = YES;
				GCC_C_LANGUAGE_STANDARD = gnu99;
				GCC_DYNAMIC_NO_PIC = NO;
				GCC_NO_COMMON_BLOCKS = YES;
				GCC_OPTIMIZATION_LEVEL = 0;
				GCC_PREPROCESSOR_DEFINITIONS = (
					"DEBUG=1",
					"$(inherited)",
				);
				GCC_WARN_64_TO_32_BIT_CONVERSION = YES;
				GCC_WARN_ABOUT_RETURN_TYPE = YES_ERROR;
				GCC_WARN_UNDECLARED_SELECTOR = YES;
				GCC_WARN_UNINITIALIZED_AUTOS = YES_AGGRESSIVE;
				GCC_WARN_UNUSED_FUNCTION = YES;
				GCC_WARN_UNUSED_VARIABLE = YES;
				IPHONEOS_DEPLOYMENT_TARGET = 10.3;
				MTL_ENABLE_DEBUG_INFO = YES;
				ONLY_ACTIVE_ARCH = YES;
				SDKROOT = iphoneos;
				SWIFT_ACTIVE_COMPILATION_CONDITIONS = DEBUG;
				SWIFT_OPTIMIZATION_LEVEL = "-Onone";
				TARGETED_DEVICE_FAMILY = "1,2";
			};
			name = Debug;
		};
		9B3FA3081E980B58002F9C6E /* Release */ = {
			isa = XCBuildConfiguration;
			buildSettings = {
				ALWAYS_SEARCH_USER_PATHS = NO;
				CLANG_ANALYZER_NONNULL = YES;
				CLANG_ANALYZER_NUMBER_OBJECT_CONVERSION = YES_AGGRESSIVE;
				CLANG_CXX_LANGUAGE_STANDARD = "gnu++0x";
				CLANG_CXX_LIBRARY = "libc++";
				CLANG_ENABLE_MODULES = YES;
				CLANG_ENABLE_OBJC_ARC = YES;
				CLANG_WARN_BOOL_CONVERSION = YES;
				CLANG_WARN_CONSTANT_CONVERSION = YES;
				CLANG_WARN_DIRECT_OBJC_ISA_USAGE = YES_ERROR;
				CLANG_WARN_DOCUMENTATION_COMMENTS = YES;
				CLANG_WARN_EMPTY_BODY = YES;
				CLANG_WARN_ENUM_CONVERSION = YES;
				CLANG_WARN_INFINITE_RECURSION = YES;
				CLANG_WARN_INT_CONVERSION = YES;
				CLANG_WARN_OBJC_ROOT_CLASS = YES_ERROR;
				CLANG_WARN_SUSPICIOUS_MOVE = YES;
				CLANG_WARN_UNREACHABLE_CODE = YES;
				CLANG_WARN__DUPLICATE_METHOD_MATCH = YES;
				"CODE_SIGN_IDENTITY[sdk=iphoneos*]" = "iPhone Developer";
				COPY_PHASE_STRIP = NO;
				DEBUG_INFORMATION_FORMAT = "dwarf-with-dsym";
				ENABLE_NS_ASSERTIONS = NO;
				ENABLE_STRICT_OBJC_MSGSEND = YES;
				GCC_C_LANGUAGE_STANDARD = gnu99;
				GCC_NO_COMMON_BLOCKS = YES;
				GCC_WARN_64_TO_32_BIT_CONVERSION = YES;
				GCC_WARN_ABOUT_RETURN_TYPE = YES_ERROR;
				GCC_WARN_UNDECLARED_SELECTOR = YES;
				GCC_WARN_UNINITIALIZED_AUTOS = YES_AGGRESSIVE;
				GCC_WARN_UNUSED_FUNCTION = YES;
				GCC_WARN_UNUSED_VARIABLE = YES;
				IPHONEOS_DEPLOYMENT_TARGET = 10.3;
				MTL_ENABLE_DEBUG_INFO = NO;
				SDKROOT = iphoneos;
				SWIFT_OPTIMIZATION_LEVEL = "-Owholemodule";
				TARGETED_DEVICE_FAMILY = "1,2";
				VALIDATE_PRODUCT = YES;
			};
			name = Release;
		};
		9B3FA30A1E980B58002F9C6E /* Debug */ = {
			isa = XCBuildConfiguration;
			buildSettings = {
				ASSETCATALOG_COMPILER_APPICON_NAME = AppIcon;
				DEVELOPMENT_TEAM = Q39FF877S4;
				INFOPLIST_FILE = OnTheMap/Info.plist;
				IPHONEOS_DEPLOYMENT_TARGET = 9.3;
				LD_RUNPATH_SEARCH_PATHS = "$(inherited) @executable_path/Frameworks";
				PRODUCT_BUNDLE_IDENTIFIER = com.circlelights.OnTheMap;
				PRODUCT_NAME = "$(TARGET_NAME)";
				SWIFT_VERSION = 3.0;
			};
			name = Debug;
		};
		9B3FA30B1E980B58002F9C6E /* Release */ = {
			isa = XCBuildConfiguration;
			buildSettings = {
				ASSETCATALOG_COMPILER_APPICON_NAME = AppIcon;
				DEVELOPMENT_TEAM = Q39FF877S4;
				INFOPLIST_FILE = OnTheMap/Info.plist;
				IPHONEOS_DEPLOYMENT_TARGET = 9.3;
				LD_RUNPATH_SEARCH_PATHS = "$(inherited) @executable_path/Frameworks";
				PRODUCT_BUNDLE_IDENTIFIER = com.circlelights.OnTheMap;
				PRODUCT_NAME = "$(TARGET_NAME)";
				SWIFT_VERSION = 3.0;
			};
			name = Release;
		};
/* End XCBuildConfiguration section */

/* Begin XCConfigurationList section */
		9B3FA2F21E980B58002F9C6E /* Build configuration list for PBXProject "OnTheMap" */ = {
			isa = XCConfigurationList;
			buildConfigurations = (
				9B3FA3071E980B58002F9C6E /* Debug */,
				9B3FA3081E980B58002F9C6E /* Release */,
			);
			defaultConfigurationIsVisible = 0;
			defaultConfigurationName = Release;
		};
		9B3FA3091E980B58002F9C6E /* Build configuration list for PBXNativeTarget "OnTheMap" */ = {
			isa = XCConfigurationList;
			buildConfigurations = (
				9B3FA30A1E980B58002F9C6E /* Debug */,
				9B3FA30B1E980B58002F9C6E /* Release */,
			);
			defaultConfigurationIsVisible = 0;
			defaultConfigurationName = Release;
		};
/* End XCConfigurationList section */
	};
	rootObject = 9B3FA2EF1E980B58002F9C6E /* Project object */;
}
